{
  "requires": true,
  "lockfileVersion": 1,
  "dependencies": {
    "jquery": {
      "version": "3.3.1",
      "resolved": "https://registry.npmjs.org/jquery/-/jquery-3.3.1.tgz",
      "integrity": "sha512-Ubldcmxp5np52/ENotGxlLe6aGMvmF4R8S6tZjsP6Knsaxd/xp3Zrh50cG93lR6nPXyUFwzN3ZSOQI0wRJNdGg=="
    },
    "tablefilter": {
      "version": "0.6.82",
      "resolved": "https://registry.npmjs.org/tablefilter/-/tablefilter-0.6.82.tgz",
      "integrity": "sha512-bX+8gQvVGz9UB4hilFSIcedooWjKWojG/3qgtU5plwc28yUx+BI7CoJxMAMbWDbptG/lyoB985gzGsEQ3ey2sQ=="
    }
  }
}
